
Microsoft Visual Studio Solution File, Format Version 12.00
# Visual Studio Version 17
VisualStudioVersion = 17.8.34316.72
MinimumVisualStudioVersion = 10.0.40219.1
Project("{9A19103F-16F7-4668-BE54-9A1E7A4F7556}") = "OOP", "OOP\OOP.csproj", "{71C28923-4E39-488C-A2CF-5926C7A8B50E}"
EndProject
Project("{2150E333-8FDC-42A3-9474-1A3956D46DE8}") = "Abstract", "Abstract", "{9F3C73CC-79DB-49F2-96F1-2BEF8E22EC0A}"
EndProject
Project("{9A19103F-16F7-4668-BE54-9A1E7A4F7556}") = "AbstractClass", "AbstractClass\AbstractClass.csproj", "{3893AEDD-6345-498C-BD24-D1AF958F6935}"
EndProject
Project("{2150E333-8FDC-42A3-9474-1A3956D46DE8}") = "Encapsulation Access Modifier", "Encapsulation Access Modifier", "{349B1830-F596-41CF-9880-2D7A061D9607}"
EndProject
Project("{9A19103F-16F7-4668-BE54-9A1E7A4F7556}") = "AccessModify", "AccessModify\AccessModify.csproj", "{244CD928-82F0-425D-A38A-6644066AA253}"
EndProject
Project("{9A19103F-16F7-4668-BE54-9A1E7A4F7556}") = "AccessModifyCont", "AccessModifyCont\AccessModifyCont.csproj", "{98A7675A-D3A1-47D2-8C4B-F1E20C44E04F}"
EndProject
Project("{2150E333-8FDC-42A3-9474-1A3956D46DE8}") = "Polymorphism", "Polymorphism", "{8BDAA3BF-4A36-460B-94DF-96BF68EF4CF7}"
EndProject
Project("{9A19103F-16F7-4668-BE54-9A1E7A4F7556}") = "CalcPoly", "CalcPoly\CalcPoly.csproj", "{F0FCB00C-5378-4811-9837-3C4721CDF13B}"
EndProject
Project("{9A19103F-16F7-4668-BE54-9A1E7A4F7556}") = "InterfaceCSharp", "InterfaceCSharp\InterfaceCSharp.csproj", "{12DA0CB3-901C-44D4-AA7B-5482DAE6272D}"
EndProject
Project("{2150E333-8FDC-42A3-9474-1A3956D46DE8}") = "ListCSharp", "ListCSharp", "{E03E5396-EAA5-495C-B11B-FEFDF7BBE419}"
EndProject
Project("{9A19103F-16F7-4668-BE54-9A1E7A4F7556}") = "ListAndLinq", "ListAndLinq\ListAndLinq.csproj", "{15736084-5276-4D9E-AB89-320EB89B6F70}"
EndProject
Project("{2150E333-8FDC-42A3-9474-1A3956D46DE8}") = "ExtensionMethod", "ExtensionMethod", "{26425FFF-5310-480F-A5C2-0BC0772B9DAA}"
EndProject
Project("{FAE04EC0-301F-11D3-BF4B-00C04F79EFBC}") = "ReviewExtensionMethod", "ReviewExtensionMethod\ReviewExtensionMethod.csproj", "{9275A3FE-81DC-4485-B251-70653F0973F8}"
EndProject
Global
	GlobalSection(SolutionConfigurationPlatforms) = preSolution
		Debug|Any CPU = Debug|Any CPU
		Release|Any CPU = Release|Any CPU
	EndGlobalSection
	GlobalSection(ProjectConfigurationPlatforms) = postSolution
		{71C28923-4E39-488C-A2CF-5926C7A8B50E}.Debug|Any CPU.ActiveCfg = Debug|Any CPU
		{71C28923-4E39-488C-A2CF-5926C7A8B50E}.Debug|Any CPU.Build.0 = Debug|Any CPU
		{71C28923-4E39-488C-A2CF-5926C7A8B50E}.Release|Any CPU.ActiveCfg = Release|Any CPU
		{71C28923-4E39-488C-A2CF-5926C7A8B50E}.Release|Any CPU.Build.0 = Release|Any CPU
		{3893AEDD-6345-498C-BD24-D1AF958F6935}.Debug|Any CPU.ActiveCfg = Debug|Any CPU
		{3893AEDD-6345-498C-BD24-D1AF958F6935}.Debug|Any CPU.Build.0 = Debug|Any CPU
		{3893AEDD-6345-498C-BD24-D1AF958F6935}.Release|Any CPU.ActiveCfg = Release|Any CPU
		{3893AEDD-6345-498C-BD24-D1AF958F6935}.Release|Any CPU.Build.0 = Release|Any CPU
		{244CD928-82F0-425D-A38A-6644066AA253}.Debug|Any CPU.ActiveCfg = Debug|Any CPU
		{244CD928-82F0-425D-A38A-6644066AA253}.Debug|Any CPU.Build.0 = Debug|Any CPU
		{244CD928-82F0-425D-A38A-6644066AA253}.Release|Any CPU.ActiveCfg = Release|Any CPU
		{244CD928-82F0-425D-A38A-6644066AA253}.Release|Any CPU.Build.0 = Release|Any CPU
		{98A7675A-D3A1-47D2-8C4B-F1E20C44E04F}.Debug|Any CPU.ActiveCfg = Debug|Any CPU
		{98A7675A-D3A1-47D2-8C4B-F1E20C44E04F}.Debug|Any CPU.Build.0 = Debug|Any CPU
		{98A7675A-D3A1-47D2-8C4B-F1E20C44E04F}.Release|Any CPU.ActiveCfg = Release|Any CPU
		{98A7675A-D3A1-47D2-8C4B-F1E20C44E04F}.Release|Any CPU.Build.0 = Release|Any CPU
		{F0FCB00C-5378-4811-9837-3C4721CDF13B}.Debug|Any CPU.ActiveCfg = Debug|Any CPU
		{F0FCB00C-5378-4811-9837-3C4721CDF13B}.Debug|Any CPU.Build.0 = Debug|Any CPU
		{F0FCB00C-5378-4811-9837-3C4721CDF13B}.Release|Any CPU.ActiveCfg = Release|Any CPU
		{F0FCB00C-5378-4811-9837-3C4721CDF13B}.Release|Any CPU.Build.0 = Release|Any CPU
		{12DA0CB3-901C-44D4-AA7B-5482DAE6272D}.Debug|Any CPU.ActiveCfg = Debug|Any CPU
		{12DA0CB3-901C-44D4-AA7B-5482DAE6272D}.Debug|Any CPU.Build.0 = Debug|Any CPU
		{12DA0CB3-901C-44D4-AA7B-5482DAE6272D}.Release|Any CPU.ActiveCfg = Release|Any CPU
		{12DA0CB3-901C-44D4-AA7B-5482DAE6272D}.Release|Any CPU.Build.0 = Release|Any CPU
		{15736084-5276-4D9E-AB89-320EB89B6F70}.Debug|Any CPU.ActiveCfg = Debug|Any CPU
		{15736084-5276-4D9E-AB89-320EB89B6F70}.Debug|Any CPU.Build.0 = Debug|Any CPU
		{15736084-5276-4D9E-AB89-320EB89B6F70}.Release|Any CPU.ActiveCfg = Release|Any CPU
		{15736084-5276-4D9E-AB89-320EB89B6F70}.Release|Any CPU.Build.0 = Release|Any CPU
		{9275A3FE-81DC-4485-B251-70653F0973F8}.Debug|Any CPU.ActiveCfg = Debug|Any CPU
		{9275A3FE-81DC-4485-B251-70653F0973F8}.Debug|Any CPU.Build.0 = Debug|Any CPU
		{9275A3FE-81DC-4485-B251-70653F0973F8}.Release|Any CPU.ActiveCfg = Release|Any CPU
		{9275A3FE-81DC-4485-B251-70653F0973F8}.Release|Any CPU.Build.0 = Release|Any CPU
	EndGlobalSection
	GlobalSection(SolutionProperties) = preSolution
		HideSolutionNode = FALSE
	EndGlobalSection
	GlobalSection(NestedProjects) = preSolution
		{3893AEDD-6345-498C-BD24-D1AF958F6935} = {9F3C73CC-79DB-49F2-96F1-2BEF8E22EC0A}
		{244CD928-82F0-425D-A38A-6644066AA253} = {349B1830-F596-41CF-9880-2D7A061D9607}
		{98A7675A-D3A1-47D2-8C4B-F1E20C44E04F} = {349B1830-F596-41CF-9880-2D7A061D9607}
		{F0FCB00C-5378-4811-9837-3C4721CDF13B} = {8BDAA3BF-4A36-460B-94DF-96BF68EF4CF7}
		{12DA0CB3-901C-44D4-AA7B-5482DAE6272D} = {8BDAA3BF-4A36-460B-94DF-96BF68EF4CF7}
		{15736084-5276-4D9E-AB89-320EB89B6F70} = {E03E5396-EAA5-495C-B11B-FEFDF7BBE419}
		{9275A3FE-81DC-4485-B251-70653F0973F8} = {26425FFF-5310-480F-A5C2-0BC0772B9DAA}
	EndGlobalSection
	GlobalSection(ExtensibilityGlobals) = postSolution
		SolutionGuid = {EDC0E456-08A4-4CE4-9D76-B7847707446C}
	EndGlobalSection
EndGlobal
